
Microsoft Visual Studio Solution File, Format Version 12.00
# Visual Studio Version 17
VisualStudioVersion = 17.5.33627.172
MinimumVisualStudioVersion = 10.0.40219.1
Project("{9A19103F-16F7-4668-BE54-9A1E7A4F7556}") = "AuthSystem", "AuthSystem\AuthSystem.csproj", "{FF3FD39F-59A4-4458-8A69-E942A60C45F3}"
EndProject
Project("{2150E333-8FDC-42A3-9474-1A3956D46DE8}") = "Solution Items", "Solution Items", "{CADFFCC6-E5A0-4842-A279-7952C16EFDBC}"
	ProjectSection(SolutionItems) = preProject
		.editorconfig = .editorconfig
	EndProjectSection
EndProject
Global
	GlobalSection(SolutionConfigurationPlatforms) = preSolution
		Debug|Any CPU = Debug|Any CPU
		Release|Any CPU = Release|Any CPU
	EndGlobalSection
	GlobalSection(ProjectConfigurationPlatforms) = postSolution
		{FF3FD39F-59A4-4458-8A69-E942A60C45F3}.Debug|Any CPU.ActiveCfg = Debug|Any CPU
		{FF3FD39F-59A4-4458-8A69-E942A60C45F3}.Debug|Any CPU.Build.0 = Debug|Any CPU
		{FF3FD39F-59A4-4458-8A69-E942A60C45F3}.Release|Any CPU.ActiveCfg = Release|Any CPU
		{FF3FD39F-59A4-4458-8A69-E942A60C45F3}.Release|Any CPU.Build.0 = Release|Any CPU
	EndGlobalSection
	GlobalSection(SolutionProperties) = preSolution
		HideSolutionNode = FALSE
	EndGlobalSection
	GlobalSection(ExtensibilityGlobals) = postSolution
		SolutionGuid = {2D25AA47-F7C8-464C-8617-1A613CC3BD17}
	EndGlobalSection
EndGlobal
